<?xml version="1.0" encoding="utf-8"?>
<Project ToolsVersion="4.0" xmlns="http://schemas.microsoft.com/developer/msbuild/2003">
  <ItemGroup>
    <Filter Include="Source Files">
      <UniqueIdentifier>{4FC737F1-C7A5-4376-A066-2A32D752A2FF}</UniqueIdentifier>
      <Extensions>cpp;c;cc;cxx;def;odl;idl;hpj;bat;asm;asmx</Extensions>
    </Filter>
    <Filter Include="Header Files">
      <UniqueIdentifier>{93995380-89BD-4b04-88EB-625FBE52EBFB}</UniqueIdentifier>
      <Extensions>h;hh;hpp;hxx;hm;inl;inc;xsd</Extensions>
    </Filter>
    <Filter Include="Misc Files">
      <UniqueIdentifier>{67DA6AB6-F800-4c08-8B7A-83BB121AAD01}</UniqueIdentifier>
      <Extensions>xml;json;txt;rc;ico;cur;bmp;dlg;rc2;rct;bin;rgs;gif;jpg;jpeg;jpe;resx;tiff;tif;png;wav;mfcribbon-ms</Extensions>
    </Filter>
    <Filter Include="Excercises">
      <UniqueIdentifier>{e3a0f759-314d-4b18-9d4d-5f0fa56823e1}</UniqueIdentifier>
    </Filter>
    <Filter Include="Excercises\Course1">
      <UniqueIdentifier>{01feaef8-108b-4cdb-8ff7-92a53367eb4b}</UniqueIdentifier>
    </Filter>
    <Filter Include="Excercises\Course2">
      <UniqueIdentifier>{bb6a39d9-d495-4a14-b9c9-983fc4d06ca8}</UniqueIdentifier>
    </Filter>
    <Filter Include="Excercises\Coruse3">
      <UniqueIdentifier>{4a9456a8-62fb-4ae4-91f4-d1c597054576}</UniqueIdentifier>
    </Filter>
    <Filter Include="Excercises\Course4">
      <UniqueIdentifier>{05fa2c68-bc83-4d0a-aa4a-bf28eb3a7bd1}</UniqueIdentifier>
    </Filter>
    <Filter Include="Excercises\Course5">
      <UniqueIdentifier>{19f5a2fe-a656-4104-91b4-f8359a5fa3ec}</UniqueIdentifier>
    </Filter>
  </ItemGroup>
  <ItemGroup>
    <None Include="src\arduino folders read me.txt">
      <Filter>Misc Files</Filter>
    </None>
    <None Include="CourseExcercises\Course1\RandomValue.ino">
      <Filter>Excercises\Course1</Filter>
    </None>
    <None Include="CourseExcercises\Course1\Variables.ino">
      <Filter>Excercises\Course1</Filter>
    </None>
    <None Include="CourseExcercises\Course2\DataValues.ino">
      <Filter>Excercises\Course2</Filter>
    </None>
    <None Include="CourseExcercises\Course3\IfElseAndSwitch.ino">
      <Filter>Excercises\Coruse3</Filter>
    </None>
    <None Include="CourseExcercises\Course4\ArrayLeaning.ino">
      <Filter>Excercises\Course4</Filter>
    </None>
    <None Include="CourseExcercises\Course4\RobotMotorDriveTest.ino">
      <Filter>Excercises\Course4</Filter>
    </None>
    <None Include="CourseExcercises\Course4\RoverSimulation.ino">
      <Filter>Excercises\Course4</Filter>
    </None>
    <None Include="CourseExcercises\Course4\SimpleFunctions.ino">
      <Filter>Excercises\Course4</Filter>
    </None>
  </ItemGroup>
  <ItemGroup>
    <ClInclude Include="__vm\.Robotprogramming-AAU.vsarduino.h">
      <Filter>Header Files</Filter>
    </ClInclude>
    <ClInclude Include="__vm\.Robotprogramming-AAU-ROBTEK.vsarduino.h">
      <Filter>Header Files</Filter>
    </ClInclude>
  </ItemGroup>
</Project>